
Microsoft Visual Studio Solution File, Format Version 12.00
# Visual Studio Version 17
VisualStudioVersion = 17.9.34321.82
MinimumVisualStudioVersion = 10.0.40219.1
Project("{8BC9CEB8-8B4A-11D0-8D11-00A0C91BC942}") = "Day01Trebuchet1", "Day01Trebuchet1\Day01Trebuchet1.vcxproj", "{BC3075DB-9B41-487E-8202-CF289430315F}"
EndProject
Project("{8BC9CEB8-8B4A-11D0-8D11-00A0C91BC942}") = "Day01Trebuchet2", "Day01Trebuchet2\Day01Trebuchet2.vcxproj", "{21BE64EE-0D61-48C5-9800-58CF41789111}"
EndProject
Project("{8BC9CEB8-8B4A-11D0-8D11-00A0C91BC942}") = "Day02CubeConundrum1", "Day02CubeConundrum1\Day02CubeConundrum1.vcxproj", "{1545BE32-5E1B-45BE-953A-887EA360F524}"
EndProject
Project("{8BC9CEB8-8B4A-11D0-8D11-00A0C91BC942}") = "Day02CubeConundrum2", "Day02CubeConundrum2\Day02CubeConundrum2.vcxproj", "{3D78D63D-9903-4699-B169-46F43F61BAB2}"
EndProject
Project("{8BC9CEB8-8B4A-11D0-8D11-00A0C91BC942}") = "Day03GearRatios1", "Day03GearRatios1\Day03GearRatios1.vcxproj", "{042C1775-C80B-4D0E-8B09-87C4290326A9}"
EndProject
Project("{8BC9CEB8-8B4A-11D0-8D11-00A0C91BC942}") = "Day03GearRatios2", "Day03GearRatios2\Day03GearRatios2.vcxproj", "{9EC6278A-DECB-4745-B00D-F5CE5FF0AF79}"
EndProject
Project("{8BC9CEB8-8B4A-11D0-8D11-00A0C91BC942}") = "Day04Scratchcards01", "Day04Scratchcards01\Day04Scratchcards01.vcxproj", "{9F472617-0B77-4EBD-9B5D-DB9C1640E865}"
EndProject
Project("{8BC9CEB8-8B4A-11D0-8D11-00A0C91BC942}") = "Day04Scratchcards02", "Day04Scratchcards02\Day04Scratchcards02.vcxproj", "{D873CB02-D18E-4850-8A4C-4DA1FE0AEC88}"
EndProject
Project("{8BC9CEB8-8B4A-11D0-8D11-00A0C91BC942}") = "Day05IfYouGiveASeedAFertilizer1", "Day05IfYouGiveASeedAFertilizer1\Day05IfYouGiveASeedAFertilizer1.vcxproj", "{9680F341-453B-4F39-B174-2AE3F09C14A5}"
EndProject
Project("{8BC9CEB8-8B4A-11D0-8D11-00A0C91BC942}") = "Day05IfYouGiveASeedAFertilizer2", "Day05IfYouGiveASeedAFertilizer2\Day05IfYouGiveASeedAFertilizer2.vcxproj", "{52ACA59D-00BD-4848-8835-798FC2103DAE}"
EndProject
Project("{8BC9CEB8-8B4A-11D0-8D11-00A0C91BC942}") = "Day06WaitForIt1", "Day06WaitForIt1\Day06WaitForIt1.vcxproj", "{2BB66B05-D991-4FE2-94A6-03255129105F}"
EndProject
Project("{8BC9CEB8-8B4A-11D0-8D11-00A0C91BC942}") = "Day06WaitForIt2", "Day06WaitForIt2\Day06WaitForIt2.vcxproj", "{CF3B0E97-F8C3-4578-A744-FEC5B8153F0D}"
EndProject
Global
	GlobalSection(SolutionConfigurationPlatforms) = preSolution
		Debug|x64 = Debug|x64
		Debug|x86 = Debug|x86
		Release|x64 = Release|x64
		Release|x86 = Release|x86
	EndGlobalSection
	GlobalSection(ProjectConfigurationPlatforms) = postSolution
		{BC3075DB-9B41-487E-8202-CF289430315F}.Debug|x64.ActiveCfg = Debug|x64
		{BC3075DB-9B41-487E-8202-CF289430315F}.Debug|x64.Build.0 = Debug|x64
		{BC3075DB-9B41-487E-8202-CF289430315F}.Debug|x86.ActiveCfg = Debug|Win32
		{BC3075DB-9B41-487E-8202-CF289430315F}.Debug|x86.Build.0 = Debug|Win32
		{BC3075DB-9B41-487E-8202-CF289430315F}.Release|x64.ActiveCfg = Release|x64
		{BC3075DB-9B41-487E-8202-CF289430315F}.Release|x64.Build.0 = Release|x64
		{BC3075DB-9B41-487E-8202-CF289430315F}.Release|x86.ActiveCfg = Release|Win32
		{BC3075DB-9B41-487E-8202-CF289430315F}.Release|x86.Build.0 = Release|Win32
		{21BE64EE-0D61-48C5-9800-58CF41789111}.Debug|x64.ActiveCfg = Debug|x64
		{21BE64EE-0D61-48C5-9800-58CF41789111}.Debug|x64.Build.0 = Debug|x64
		{21BE64EE-0D61-48C5-9800-58CF41789111}.Debug|x86.ActiveCfg = Debug|Win32
		{21BE64EE-0D61-48C5-9800-58CF41789111}.Debug|x86.Build.0 = Debug|Win32
		{21BE64EE-0D61-48C5-9800-58CF41789111}.Release|x64.ActiveCfg = Release|x64
		{21BE64EE-0D61-48C5-9800-58CF41789111}.Release|x64.Build.0 = Release|x64
		{21BE64EE-0D61-48C5-9800-58CF41789111}.Release|x86.ActiveCfg = Release|Win32
		{21BE64EE-0D61-48C5-9800-58CF41789111}.Release|x86.Build.0 = Release|Win32
		{1545BE32-5E1B-45BE-953A-887EA360F524}.Debug|x64.ActiveCfg = Debug|x64
		{1545BE32-5E1B-45BE-953A-887EA360F524}.Debug|x64.Build.0 = Debug|x64
		{1545BE32-5E1B-45BE-953A-887EA360F524}.Debug|x86.ActiveCfg = Debug|Win32
		{1545BE32-5E1B-45BE-953A-887EA360F524}.Debug|x86.Build.0 = Debug|Win32
		{1545BE32-5E1B-45BE-953A-887EA360F524}.Release|x64.ActiveCfg = Release|x64
		{1545BE32-5E1B-45BE-953A-887EA360F524}.Release|x64.Build.0 = Release|x64
		{1545BE32-5E1B-45BE-953A-887EA360F524}.Release|x86.ActiveCfg = Release|Win32
		{1545BE32-5E1B-45BE-953A-887EA360F524}.Release|x86.Build.0 = Release|Win32
		{3D78D63D-9903-4699-B169-46F43F61BAB2}.Debug|x64.ActiveCfg = Debug|x64
		{3D78D63D-9903-4699-B169-46F43F61BAB2}.Debug|x64.Build.0 = Debug|x64
		{3D78D63D-9903-4699-B169-46F43F61BAB2}.Debug|x86.ActiveCfg = Debug|Win32
		{3D78D63D-9903-4699-B169-46F43F61BAB2}.Debug|x86.Build.0 = Debug|Win32
		{3D78D63D-9903-4699-B169-46F43F61BAB2}.Release|x64.ActiveCfg = Release|x64
		{3D78D63D-9903-4699-B169-46F43F61BAB2}.Release|x64.Build.0 = Release|x64
		{3D78D63D-9903-4699-B169-46F43F61BAB2}.Release|x86.ActiveCfg = Release|Win32
		{3D78D63D-9903-4699-B169-46F43F61BAB2}.Release|x86.Build.0 = Release|Win32
		{042C1775-C80B-4D0E-8B09-87C4290326A9}.Debug|x64.ActiveCfg = Debug|x64
		{042C1775-C80B-4D0E-8B09-87C4290326A9}.Debug|x64.Build.0 = Debug|x64
		{042C1775-C80B-4D0E-8B09-87C4290326A9}.Debug|x86.ActiveCfg = Debug|Win32
		{042C1775-C80B-4D0E-8B09-87C4290326A9}.Debug|x86.Build.0 = Debug|Win32
		{042C1775-C80B-4D0E-8B09-87C4290326A9}.Release|x64.ActiveCfg = Release|x64
		{042C1775-C80B-4D0E-8B09-87C4290326A9}.Release|x64.Build.0 = Release|x64
		{042C1775-C80B-4D0E-8B09-87C4290326A9}.Release|x86.ActiveCfg = Release|Win32
		{042C1775-C80B-4D0E-8B09-87C4290326A9}.Release|x86.Build.0 = Release|Win32
		{9EC6278A-DECB-4745-B00D-F5CE5FF0AF79}.Debug|x64.ActiveCfg = Debug|x64
		{9EC6278A-DECB-4745-B00D-F5CE5FF0AF79}.Debug|x64.Build.0 = Debug|x64
		{9EC6278A-DECB-4745-B00D-F5CE5FF0AF79}.Debug|x86.ActiveCfg = Debug|Win32
		{9EC6278A-DECB-4745-B00D-F5CE5FF0AF79}.Debug|x86.Build.0 = Debug|Win32
		{9EC6278A-DECB-4745-B00D-F5CE5FF0AF79}.Release|x64.ActiveCfg = Release|x64
		{9EC6278A-DECB-4745-B00D-F5CE5FF0AF79}.Release|x64.Build.0 = Release|x64
		{9EC6278A-DECB-4745-B00D-F5CE5FF0AF79}.Release|x86.ActiveCfg = Release|Win32
		{9EC6278A-DECB-4745-B00D-F5CE5FF0AF79}.Release|x86.Build.0 = Release|Win32
		{9F472617-0B77-4EBD-9B5D-DB9C1640E865}.Debug|x64.ActiveCfg = Debug|x64
		{9F472617-0B77-4EBD-9B5D-DB9C1640E865}.Debug|x64.Build.0 = Debug|x64
		{9F472617-0B77-4EBD-9B5D-DB9C1640E865}.Debug|x86.ActiveCfg = Debug|Win32
		{9F472617-0B77-4EBD-9B5D-DB9C1640E865}.Debug|x86.Build.0 = Debug|Win32
		{9F472617-0B77-4EBD-9B5D-DB9C1640E865}.Release|x64.ActiveCfg = Release|x64
		{9F472617-0B77-4EBD-9B5D-DB9C1640E865}.Release|x64.Build.0 = Release|x64
		{9F472617-0B77-4EBD-9B5D-DB9C1640E865}.Release|x86.ActiveCfg = Release|Win32
		{9F472617-0B77-4EBD-9B5D-DB9C1640E865}.Release|x86.Build.0 = Release|Win32
		{D873CB02-D18E-4850-8A4C-4DA1FE0AEC88}.Debug|x64.ActiveCfg = Debug|x64
		{D873CB02-D18E-4850-8A4C-4DA1FE0AEC88}.Debug|x64.Build.0 = Debug|x64
		{D873CB02-D18E-4850-8A4C-4DA1FE0AEC88}.Debug|x86.ActiveCfg = Debug|Win32
		{D873CB02-D18E-4850-8A4C-4DA1FE0AEC88}.Debug|x86.Build.0 = Debug|Win32
		{D873CB02-D18E-4850-8A4C-4DA1FE0AEC88}.Release|x64.ActiveCfg = Release|x64
		{D873CB02-D18E-4850-8A4C-4DA1FE0AEC88}.Release|x64.Build.0 = Release|x64
		{D873CB02-D18E-4850-8A4C-4DA1FE0AEC88}.Release|x86.ActiveCfg = Release|Win32
		{D873CB02-D18E-4850-8A4C-4DA1FE0AEC88}.Release|x86.Build.0 = Release|Win32
		{9680F341-453B-4F39-B174-2AE3F09C14A5}.Debug|x64.ActiveCfg = Debug|x64
		{9680F341-453B-4F39-B174-2AE3F09C14A5}.Debug|x64.Build.0 = Debug|x64
		{9680F341-453B-4F39-B174-2AE3F09C14A5}.Debug|x86.ActiveCfg = Debug|Win32
		{9680F341-453B-4F39-B174-2AE3F09C14A5}.Debug|x86.Build.0 = Debug|Win32
		{9680F341-453B-4F39-B174-2AE3F09C14A5}.Release|x64.ActiveCfg = Release|x64
		{9680F341-453B-4F39-B174-2AE3F09C14A5}.Release|x64.Build.0 = Release|x64
		{9680F341-453B-4F39-B174-2AE3F09C14A5}.Release|x86.ActiveCfg = Release|Win32
		{9680F341-453B-4F39-B174-2AE3F09C14A5}.Release|x86.Build.0 = Release|Win32
		{52ACA59D-00BD-4848-8835-798FC2103DAE}.Debug|x64.ActiveCfg = Debug|x64
		{52ACA59D-00BD-4848-8835-798FC2103DAE}.Debug|x64.Build.0 = Debug|x64
		{52ACA59D-00BD-4848-8835-798FC2103DAE}.Debug|x86.ActiveCfg = Debug|Win32
		{52ACA59D-00BD-4848-8835-798FC2103DAE}.Debug|x86.Build.0 = Debug|Win32
		{52ACA59D-00BD-4848-8835-798FC2103DAE}.Release|x64.ActiveCfg = Release|x64
		{52ACA59D-00BD-4848-8835-798FC2103DAE}.Release|x64.Build.0 = Release|x64
		{52ACA59D-00BD-4848-8835-798FC2103DAE}.Release|x86.ActiveCfg = Release|Win32
		{52ACA59D-00BD-4848-8835-798FC2103DAE}.Release|x86.Build.0 = Release|Win32
		{2BB66B05-D991-4FE2-94A6-03255129105F}.Debug|x64.ActiveCfg = Debug|x64
		{2BB66B05-D991-4FE2-94A6-03255129105F}.Debug|x64.Build.0 = Debug|x64
		{2BB66B05-D991-4FE2-94A6-03255129105F}.Debug|x86.ActiveCfg = Debug|Win32
		{2BB66B05-D991-4FE2-94A6-03255129105F}.Debug|x86.Build.0 = Debug|Win32
		{2BB66B05-D991-4FE2-94A6-03255129105F}.Release|x64.ActiveCfg = Release|x64
		{2BB66B05-D991-4FE2-94A6-03255129105F}.Release|x64.Build.0 = Release|x64
		{2BB66B05-D991-4FE2-94A6-03255129105F}.Release|x86.ActiveCfg = Release|Win32
		{2BB66B05-D991-4FE2-94A6-03255129105F}.Release|x86.Build.0 = Release|Win32
		{CF3B0E97-F8C3-4578-A744-FEC5B8153F0D}.Debug|x64.ActiveCfg = Debug|x64
		{CF3B0E97-F8C3-4578-A744-FEC5B8153F0D}.Debug|x64.Build.0 = Debug|x64
		{CF3B0E97-F8C3-4578-A744-FEC5B8153F0D}.Debug|x86.ActiveCfg = Debug|Win32
		{CF3B0E97-F8C3-4578-A744-FEC5B8153F0D}.Debug|x86.Build.0 = Debug|Win32
		{CF3B0E97-F8C3-4578-A744-FEC5B8153F0D}.Release|x64.ActiveCfg = Release|x64
		{CF3B0E97-F8C3-4578-A744-FEC5B8153F0D}.Release|x64.Build.0 = Release|x64
		{CF3B0E97-F8C3-4578-A744-FEC5B8153F0D}.Release|x86.ActiveCfg = Release|Win32
		{CF3B0E97-F8C3-4578-A744-FEC5B8153F0D}.Release|x86.Build.0 = Release|Win32
	EndGlobalSection
	GlobalSection(SolutionProperties) = preSolution
		HideSolutionNode = FALSE
	EndGlobalSection
	GlobalSection(ExtensibilityGlobals) = postSolution
		SolutionGuid = {22BB0B4F-D752-4076-80E1-6269F689B57B}
	EndGlobalSection
EndGlobal
